// !$*UTF8*$!
{
	archiveVersion = 1;
	classes = {
	};
	objectVersion = 50;
	objects = {

/* Begin PBXBuildFile section */
		2B1C2C2221AC245800A25406 /* SortedArrayToBST_108.m in Sources */ = {isa = PBXBuildFile; fileRef = 2B1C2C2121AC245800A25406 /* SortedArrayToBST_108.m */; };
		2B1C2C2521AC2A9500A25406 /* IsBalanced_110.m in Sources */ = {isa = PBXBuildFile; fileRef = 2B1C2C2421AC2A9500A25406 /* IsBalanced_110.m */; };
		2B1C2C2821AC2B2D00A25406 /* MinDepth_111.m in Sources */ = {isa = PBXBuildFile; fileRef = 2B1C2C2721AC2B2D00A25406 /* MinDepth_111.m */; };
		2B30C05621A008570082FC3D /* LongestCommonPrefix_14.m in Sources */ = {isa = PBXBuildFile; fileRef = 2B30C05521A008570082FC3D /* LongestCommonPrefix_14.m */; };
		2B30C05921A0150D0082FC3D /* MergeTwoLists_21.m in Sources */ = {isa = PBXBuildFile; fileRef = 2B30C05821A0150D0082FC3D /* MergeTwoLists_21.m */; };
		2B30C05C21A0324E0082FC3D /* RemoveDuplicates_26.m in Sources */ = {isa = PBXBuildFile; fileRef = 2B30C05B21A0324E0082FC3D /* RemoveDuplicates_26.m */; };
		2B30C05F21A03FEB0082FC3D /* SearchInsert_35.m in Sources */ = {isa = PBXBuildFile; fileRef = 2B30C05E21A03FEB0082FC3D /* SearchInsert_35.m */; };
		2B30C06221A0583A0082FC3D /* MaxSubArray_53.m in Sources */ = {isa = PBXBuildFile; fileRef = 2B30C06121A0583A0082FC3D /* MaxSubArray_53.m */; };
		2B30C06521A05DB70082FC3D /* DivideAndConquer.m in Sources */ = {isa = PBXBuildFile; fileRef = 2B30C06421A05DB70082FC3D /* DivideAndConquer.m */; };
		2B30C06821A135C20082FC3D /* LengthOfLastWord_58.m in Sources */ = {isa = PBXBuildFile; fileRef = 2B30C06721A135C20082FC3D /* LengthOfLastWord_58.m */; };
		2B30C06B21A13C4B0082FC3D /* PlusOne_66.m in Sources */ = {isa = PBXBuildFile; fileRef = 2B30C06A21A13C4B0082FC3D /* PlusOne_66.m */; };
		2B30C06E21A141ED0082FC3D /* AddBinary_67.m in Sources */ = {isa = PBXBuildFile; fileRef = 2B30C06D21A141ED0082FC3D /* AddBinary_67.m */; };
		2B30C07121A194840082FC3D /* MySqrt_69.m in Sources */ = {isa = PBXBuildFile; fileRef = 2B30C07021A194840082FC3D /* MySqrt_69.m */; };
		2B3C9531219BF76D00BB56F4 /* LongestSubstring_03.m in Sources */ = {isa = PBXBuildFile; fileRef = 2B3C9530219BF76D00BB56F4 /* LongestSubstring_03.m */; };
		2B3C9534219C108A00BB56F4 /* FindMedianSortedArrays_04.m in Sources */ = {isa = PBXBuildFile; fileRef = 2B3C9533219C108A00BB56F4 /* FindMedianSortedArrays_04.m */; };
		2B3C9537219C500B00BB56F4 /* LongestPalindrome_05.m in Sources */ = {isa = PBXBuildFile; fileRef = 2B3C9536219C500B00BB56F4 /* LongestPalindrome_05.m */; };
		2B529D5021AC427B0009E451 /* CodeString.m in Sources */ = {isa = PBXBuildFile; fileRef = 2B529D4F21AC427B0009E451 /* CodeString.m */; };
		2B529D5321AC439C0009E451 /* CodeArray.m in Sources */ = {isa = PBXBuildFile; fileRef = 2B529D5221AC439C0009E451 /* CodeArray.m */; };
		2B529D5721AC44CB0009E451 /* CodeNode.m in Sources */ = {isa = PBXBuildFile; fileRef = 2B529D5621AC44CB0009E451 /* CodeNode.m */; };
		2B529D5A21AC46220009E451 /* DynamicAndGreedy.m in Sources */ = {isa = PBXBuildFile; fileRef = 2B529D5921AC46220009E451 /* DynamicAndGreedy.m */; };
		2B56929E219B14870033096D /* main.m in Sources */ = {isa = PBXBuildFile; fileRef = 2B56929D219B14870033096D /* main.m */; };
		2B5692A6219B14EA0033096D /* TwoNum_01.m in Sources */ = {isa = PBXBuildFile; fileRef = 2B5692A5219B14EA0033096D /* TwoNum_01.m */; };
		2B5692A9219B1A330033096D /* ReverseNum_07.m in Sources */ = {isa = PBXBuildFile; fileRef = 2B5692A8219B1A330033096D /* ReverseNum_07.m */; };
		2B5692AC219B1FB00033096D /* AddTwoNumbers_02.m in Sources */ = {isa = PBXBuildFile; fileRef = 2B5692AB219B1FB00033096D /* AddTwoNumbers_02.m */; };
		2B5692AF219B240C0033096D /* ListNode.m in Sources */ = {isa = PBXBuildFile; fileRef = 2B5692AE219B240C0033096D /* ListNode.m */; };
		2B6D66A1219C80A300149FEE /* Palindrome_09.m in Sources */ = {isa = PBXBuildFile; fileRef = 2B6D66A0219C80A300149FEE /* Palindrome_09.m */; };
		2B936AF521A2E5A800C2B9D6 /* ClimbStairs_70.m in Sources */ = {isa = PBXBuildFile; fileRef = 2B936AF421A2E5A800C2B9D6 /* ClimbStairs_70.m */; };
		2B936AF821A2E7B600C2B9D6 /* DeleteDuplicates_83.m in Sources */ = {isa = PBXBuildFile; fileRef = 2B936AF721A2E7B600C2B9D6 /* DeleteDuplicates_83.m */; };
		2B936AFB21A2E9D600C2B9D6 /* MergeTwoArray_88.m in Sources */ = {isa = PBXBuildFile; fileRef = 2B936AFA21A2E9D600C2B9D6 /* MergeTwoArray_88.m */; };
		2B936AFE21A42AC300C2B9D6 /* IsSameTree_100.m in Sources */ = {isa = PBXBuildFile; fileRef = 2B936AFD21A42AC300C2B9D6 /* IsSameTree_100.m */; };
		2B936B0121A42B5F00C2B9D6 /* TreeNode.m in Sources */ = {isa = PBXBuildFile; fileRef = 2B936B0021A42B5F00C2B9D6 /* TreeNode.m */; };
		2BCDEDA7219DC75D00B60E64 /* strStr_28.m in Sources */ = {isa = PBXBuildFile; fileRef = 2BCDEDA6219DC75D00B60E64 /* strStr_28.m */; };
		2BF27A5721A6F34900B628B2 /* MaxDepth_104.m in Sources */ = {isa = PBXBuildFile; fileRef = 2BF27A5621A6F34900B628B2 /* MaxDepth_104.m */; };
		2BF27A5A21A7088200B628B2 /* LevelOrderBottom_107.m in Sources */ = {isa = PBXBuildFile; fileRef = 2BF27A5921A7088200B628B2 /* LevelOrderBottom_107.m */; };
		2BF27A5D21A70E2300B628B2 /* Stack.m in Sources */ = {isa = PBXBuildFile; fileRef = 2BF27A5C21A70E2300B628B2 /* Stack.m */; };
		2BF27A6021A7107400B628B2 /* Queue.m in Sources */ = {isa = PBXBuildFile; fileRef = 2BF27A5F21A7107400B628B2 /* Queue.m */; };
/* End PBXBuildFile section */

/* Begin PBXCopyFilesBuildPhase section */
		2B569298219B14870033096D /* CopyFiles */ = {
			isa = PBXCopyFilesBuildPhase;
			buildActionMask = 2147483647;
			dstPath = /usr/share/man/man1/;
			dstSubfolderSpec = 0;
			files = (
			);
			runOnlyForDeploymentPostprocessing = 1;
		};
/* End PBXCopyFilesBuildPhase section */

/* Begin PBXFileReference section */
		2B1C2C2021AC245800A25406 /* SortedArrayToBST_108.h */ = {isa = PBXFileReference; lastKnownFileType = sourcecode.c.h; path = SortedArrayToBST_108.h; sourceTree = "<group>"; };
		2B1C2C2121AC245800A25406 /* SortedArrayToBST_108.m */ = {isa = PBXFileReference; lastKnownFileType = sourcecode.c.objc; path = SortedArrayToBST_108.m; sourceTree = "<group>"; };
		2B1C2C2321AC2A9500A25406 /* IsBalanced_110.h */ = {isa = PBXFileReference; lastKnownFileType = sourcecode.c.h; path = IsBalanced_110.h; sourceTree = "<group>"; };
		2B1C2C2421AC2A9500A25406 /* IsBalanced_110.m */ = {isa = PBXFileReference; lastKnownFileType = sourcecode.c.objc; path = IsBalanced_110.m; sourceTree = "<group>"; };
		2B1C2C2621AC2B2D00A25406 /* MinDepth_111.h */ = {isa = PBXFileReference; lastKnownFileType = sourcecode.c.h; path = MinDepth_111.h; sourceTree = "<group>"; };
		2B1C2C2721AC2B2D00A25406 /* MinDepth_111.m */ = {isa = PBXFileReference; lastKnownFileType = sourcecode.c.objc; path = MinDepth_111.m; sourceTree = "<group>"; };
		2B30C05421A008570082FC3D /* LongestCommonPrefix_14.h */ = {isa = PBXFileReference; lastKnownFileType = sourcecode.c.h; path = LongestCommonPrefix_14.h; sourceTree = "<group>"; };
		2B30C05521A008570082FC3D /* LongestCommonPrefix_14.m */ = {isa = PBXFileReference; lastKnownFileType = sourcecode.c.objc; path = LongestCommonPrefix_14.m; sourceTree = "<group>"; };
		2B30C05721A0150D0082FC3D /* MergeTwoLists_21.h */ = {isa = PBXFileReference; lastKnownFileType = sourcecode.c.h; path = MergeTwoLists_21.h; sourceTree = "<group>"; };
		2B30C05821A0150D0082FC3D /* MergeTwoLists_21.m */ = {isa = PBXFileReference; lastKnownFileType = sourcecode.c.objc; path = MergeTwoLists_21.m; sourceTree = "<group>"; };
		2B30C05A21A0324E0082FC3D /* RemoveDuplicates_26.h */ = {isa = PBXFileReference; lastKnownFileType = sourcecode.c.h; path = RemoveDuplicates_26.h; sourceTree = "<group>"; };
		2B30C05B21A0324E0082FC3D /* RemoveDuplicates_26.m */ = {isa = PBXFileReference; lastKnownFileType = sourcecode.c.objc; path = RemoveDuplicates_26.m; sourceTree = "<group>"; };
		2B30C05D21A03FEB0082FC3D /* SearchInsert_35.h */ = {isa = PBXFileReference; lastKnownFileType = sourcecode.c.h; path = SearchInsert_35.h; sourceTree = "<group>"; };
		2B30C05E21A03FEB0082FC3D /* SearchInsert_35.m */ = {isa = PBXFileReference; lastKnownFileType = sourcecode.c.objc; path = SearchInsert_35.m; sourceTree = "<group>"; };
		2B30C06021A0583A0082FC3D /* MaxSubArray_53.h */ = {isa = PBXFileReference; lastKnownFileType = sourcecode.c.h; path = MaxSubArray_53.h; sourceTree = "<group>"; };
		2B30C06121A0583A0082FC3D /* MaxSubArray_53.m */ = {isa = PBXFileReference; lastKnownFileType = sourcecode.c.objc; path = MaxSubArray_53.m; sourceTree = "<group>"; };
		2B30C06321A05DB70082FC3D /* DivideAndConquer.h */ = {isa = PBXFileReference; lastKnownFileType = sourcecode.c.h; path = DivideAndConquer.h; sourceTree = "<group>"; };
		2B30C06421A05DB70082FC3D /* DivideAndConquer.m */ = {isa = PBXFileReference; lastKnownFileType = sourcecode.c.objc; path = DivideAndConquer.m; sourceTree = "<group>"; };
		2B30C06621A135C20082FC3D /* LengthOfLastWord_58.h */ = {isa = PBXFileReference; lastKnownFileType = sourcecode.c.h; path = LengthOfLastWord_58.h; sourceTree = "<group>"; };
		2B30C06721A135C20082FC3D /* LengthOfLastWord_58.m */ = {isa = PBXFileReference; lastKnownFileType = sourcecode.c.objc; path = LengthOfLastWord_58.m; sourceTree = "<group>"; };
		2B30C06921A13C4B0082FC3D /* PlusOne_66.h */ = {isa = PBXFileReference; lastKnownFileType = sourcecode.c.h; path = PlusOne_66.h; sourceTree = "<group>"; };
		2B30C06A21A13C4B0082FC3D /* PlusOne_66.m */ = {isa = PBXFileReference; lastKnownFileType = sourcecode.c.objc; path = PlusOne_66.m; sourceTree = "<group>"; };
		2B30C06C21A141ED0082FC3D /* AddBinary_67.h */ = {isa = PBXFileReference; lastKnownFileType = sourcecode.c.h; path = AddBinary_67.h; sourceTree = "<group>"; };
		2B30C06D21A141ED0082FC3D /* AddBinary_67.m */ = {isa = PBXFileReference; lastKnownFileType = sourcecode.c.objc; path = AddBinary_67.m; sourceTree = "<group>"; };
		2B30C06F21A194840082FC3D /* MySqrt_69.h */ = {isa = PBXFileReference; lastKnownFileType = sourcecode.c.h; path = MySqrt_69.h; sourceTree = "<group>"; };
		2B30C07021A194840082FC3D /* MySqrt_69.m */ = {isa = PBXFileReference; lastKnownFileType = sourcecode.c.objc; path = MySqrt_69.m; sourceTree = "<group>"; };
		2B3C952F219BF76D00BB56F4 /* LongestSubstring_03.h */ = {isa = PBXFileReference; lastKnownFileType = sourcecode.c.h; path = LongestSubstring_03.h; sourceTree = "<group>"; };
		2B3C9530219BF76D00BB56F4 /* LongestSubstring_03.m */ = {isa = PBXFileReference; lastKnownFileType = sourcecode.c.objc; path = LongestSubstring_03.m; sourceTree = "<group>"; };
		2B3C9532219C108A00BB56F4 /* FindMedianSortedArrays_04.h */ = {isa = PBXFileReference; lastKnownFileType = sourcecode.c.h; path = FindMedianSortedArrays_04.h; sourceTree = "<group>"; };
		2B3C9533219C108A00BB56F4 /* FindMedianSortedArrays_04.m */ = {isa = PBXFileReference; lastKnownFileType = sourcecode.c.objc; path = FindMedianSortedArrays_04.m; sourceTree = "<group>"; };
		2B3C9535219C500B00BB56F4 /* LongestPalindrome_05.h */ = {isa = PBXFileReference; lastKnownFileType = sourcecode.c.h; path = LongestPalindrome_05.h; sourceTree = "<group>"; };
		2B3C9536219C500B00BB56F4 /* LongestPalindrome_05.m */ = {isa = PBXFileReference; lastKnownFileType = sourcecode.c.objc; path = LongestPalindrome_05.m; sourceTree = "<group>"; };
		2B529D4E21AC427B0009E451 /* CodeString.h */ = {isa = PBXFileReference; lastKnownFileType = sourcecode.c.h; path = CodeString.h; sourceTree = "<group>"; };
		2B529D4F21AC427B0009E451 /* CodeString.m */ = {isa = PBXFileReference; lastKnownFileType = sourcecode.c.objc; path = CodeString.m; sourceTree = "<group>"; };
		2B529D5121AC439C0009E451 /* CodeArray.h */ = {isa = PBXFileReference; lastKnownFileType = sourcecode.c.h; path = CodeArray.h; sourceTree = "<group>"; };
		2B529D5221AC439C0009E451 /* CodeArray.m */ = {isa = PBXFileReference; lastKnownFileType = sourcecode.c.objc; path = CodeArray.m; sourceTree = "<group>"; };
		2B529D5421AC449C0009E451 /* rainwatertrap.png */ = {isa = PBXFileReference; lastKnownFileType = image.png; path = rainwatertrap.png; sourceTree = "<group>"; };
		2B529D5521AC44CB0009E451 /* CodeNode.h */ = {isa = PBXFileReference; lastKnownFileType = sourcecode.c.h; path = CodeNode.h; sourceTree = "<group>"; };
		2B529D5621AC44CB0009E451 /* CodeNode.m */ = {isa = PBXFileReference; lastKnownFileType = sourcecode.c.objc; path = CodeNode.m; sourceTree = "<group>"; };
		2B529D5821AC46220009E451 /* DynamicAndGreedy.h */ = {isa = PBXFileReference; lastKnownFileType = sourcecode.c.h; path = DynamicAndGreedy.h; sourceTree = "<group>"; };
		2B529D5921AC46220009E451 /* DynamicAndGreedy.m */ = {isa = PBXFileReference; lastKnownFileType = sourcecode.c.objc; path = DynamicAndGreedy.m; sourceTree = "<group>"; };
		2B56929A219B14870033096D /* GLeetCode */ = {isa = PBXFileReference; explicitFileType = "compiled.mach-o.executable"; includeInIndex = 0; path = GLeetCode; sourceTree = BUILT_PRODUCTS_DIR; };
		2B56929D219B14870033096D /* main.m */ = {isa = PBXFileReference; lastKnownFileType = sourcecode.c.objc; path = main.m; sourceTree = "<group>"; };
		2B5692A4219B14EA0033096D /* TwoNum_01.h */ = {isa = PBXFileReference; lastKnownFileType = sourcecode.c.h; path = TwoNum_01.h; sourceTree = "<group>"; };
		2B5692A5219B14EA0033096D /* TwoNum_01.m */ = {isa = PBXFileReference; lastKnownFileType = sourcecode.c.objc; path = TwoNum_01.m; sourceTree = "<group>"; };
		2B5692A7219B1A330033096D /* ReverseNum_07.h */ = {isa = PBXFileReference; lastKnownFileType = sourcecode.c.h; path = ReverseNum_07.h; sourceTree = "<group>"; };
		2B5692A8219B1A330033096D /* ReverseNum_07.m */ = {isa = PBXFileReference; lastKnownFileType = sourcecode.c.objc; path = ReverseNum_07.m; sourceTree = "<group>"; };
		2B5692AA219B1FB00033096D /* AddTwoNumbers_02.h */ = {isa = PBXFileReference; lastKnownFileType = sourcecode.c.h; path = AddTwoNumbers_02.h; sourceTree = "<group>"; };
		2B5692AB219B1FB00033096D /* AddTwoNumbers_02.m */ = {isa = PBXFileReference; lastKnownFileType = sourcecode.c.objc; path = AddTwoNumbers_02.m; sourceTree = "<group>"; };
		2B5692AD219B240C0033096D /* ListNode.h */ = {isa = PBXFileReference; lastKnownFileType = sourcecode.c.h; path = ListNode.h; sourceTree = "<group>"; };
		2B5692AE219B240C0033096D /* ListNode.m */ = {isa = PBXFileReference; lastKnownFileType = sourcecode.c.objc; path = ListNode.m; sourceTree = "<group>"; };
		2B6D669F219C80A300149FEE /* Palindrome_09.h */ = {isa = PBXFileReference; lastKnownFileType = sourcecode.c.h; path = Palindrome_09.h; sourceTree = "<group>"; };
		2B6D66A0219C80A300149FEE /* Palindrome_09.m */ = {isa = PBXFileReference; lastKnownFileType = sourcecode.c.objc; path = Palindrome_09.m; sourceTree = "<group>"; };
		2B936AF321A2E5A800C2B9D6 /* ClimbStairs_70.h */ = {isa = PBXFileReference; lastKnownFileType = sourcecode.c.h; path = ClimbStairs_70.h; sourceTree = "<group>"; };
		2B936AF421A2E5A800C2B9D6 /* ClimbStairs_70.m */ = {isa = PBXFileReference; lastKnownFileType = sourcecode.c.objc; path = ClimbStairs_70.m; sourceTree = "<group>"; };
		2B936AF621A2E7B600C2B9D6 /* DeleteDuplicates_83.h */ = {isa = PBXFileReference; lastKnownFileType = sourcecode.c.h; path = DeleteDuplicates_83.h; sourceTree = "<group>"; };
		2B936AF721A2E7B600C2B9D6 /* DeleteDuplicates_83.m */ = {isa = PBXFileReference; lastKnownFileType = sourcecode.c.objc; path = DeleteDuplicates_83.m; sourceTree = "<group>"; };
		2B936AF921A2E9D600C2B9D6 /* MergeTwoArray_88.h */ = {isa = PBXFileReference; lastKnownFileType = sourcecode.c.h; path = MergeTwoArray_88.h; sourceTree = "<group>"; };
		2B936AFA21A2E9D600C2B9D6 /* MergeTwoArray_88.m */ = {isa = PBXFileReference; lastKnownFileType = sourcecode.c.objc; path = MergeTwoArray_88.m; sourceTree = "<group>"; };
		2B936AFC21A42AC300C2B9D6 /* IsSameTree_100.h */ = {isa = PBXFileReference; lastKnownFileType = sourcecode.c.h; path = IsSameTree_100.h; sourceTree = "<group>"; };
		2B936AFD21A42AC300C2B9D6 /* IsSameTree_100.m */ = {isa = PBXFileReference; lastKnownFileType = sourcecode.c.objc; path = IsSameTree_100.m; sourceTree = "<group>"; };
		2B936AFF21A42B5F00C2B9D6 /* TreeNode.h */ = {isa = PBXFileReference; lastKnownFileType = sourcecode.c.h; path = TreeNode.h; sourceTree = "<group>"; };
		2B936B0021A42B5F00C2B9D6 /* TreeNode.m */ = {isa = PBXFileReference; lastKnownFileType = sourcecode.c.objc; path = TreeNode.m; sourceTree = "<group>"; };
		2BCDEDA5219DC75D00B60E64 /* strStr_28.h */ = {isa = PBXFileReference; lastKnownFileType = sourcecode.c.h; path = strStr_28.h; sourceTree = "<group>"; };
		2BCDEDA6219DC75D00B60E64 /* strStr_28.m */ = {isa = PBXFileReference; lastKnownFileType = sourcecode.c.objc; path = strStr_28.m; sourceTree = "<group>"; };
		2BF27A5521A6F34900B628B2 /* MaxDepth_104.h */ = {isa = PBXFileReference; lastKnownFileType = sourcecode.c.h; path = MaxDepth_104.h; sourceTree = "<group>"; };
		2BF27A5621A6F34900B628B2 /* MaxDepth_104.m */ = {isa = PBXFileReference; lastKnownFileType = sourcecode.c.objc; path = MaxDepth_104.m; sourceTree = "<group>"; };
		2BF27A5821A7088200B628B2 /* LevelOrderBottom_107.h */ = {isa = PBXFileReference; lastKnownFileType = sourcecode.c.h; path = LevelOrderBottom_107.h; sourceTree = "<group>"; };
		2BF27A5921A7088200B628B2 /* LevelOrderBottom_107.m */ = {isa = PBXFileReference; lastKnownFileType = sourcecode.c.objc; path = LevelOrderBottom_107.m; sourceTree = "<group>"; };
		2BF27A5B21A70E2300B628B2 /* Stack.h */ = {isa = PBXFileReference; lastKnownFileType = sourcecode.c.h; path = Stack.h; sourceTree = "<group>"; };
		2BF27A5C21A70E2300B628B2 /* Stack.m */ = {isa = PBXFileReference; lastKnownFileType = sourcecode.c.objc; path = Stack.m; sourceTree = "<group>"; };
		2BF27A5E21A7107400B628B2 /* Queue.h */ = {isa = PBXFileReference; lastKnownFileType = sourcecode.c.h; path = Queue.h; sourceTree = "<group>"; };
		2BF27A5F21A7107400B628B2 /* Queue.m */ = {isa = PBXFileReference; lastKnownFileType = sourcecode.c.objc; path = Queue.m; sourceTree = "<group>"; };
/* End PBXFileReference section */

/* Begin PBXFrameworksBuildPhase section */
		2B569297219B14870033096D /* Frameworks */ = {
			isa = PBXFrameworksBuildPhase;
			buildActionMask = 2147483647;
			files = (
			);
			runOnlyForDeploymentPostprocessing = 0;
		};
/* End PBXFrameworksBuildPhase section */

/* Begin PBXGroup section */
		2B529D4C21AC41FD0009E451 /* CodePractice */ = {
			isa = PBXGroup;
			children = (
				2B529D4E21AC427B0009E451 /* CodeString.h */,
				2B529D4F21AC427B0009E451 /* CodeString.m */,
				2B529D5121AC439C0009E451 /* CodeArray.h */,
				2B529D5221AC439C0009E451 /* CodeArray.m */,
				2B529D5421AC449C0009E451 /* rainwatertrap.png */,
				2B529D5521AC44CB0009E451 /* CodeNode.h */,
				2B529D5621AC44CB0009E451 /* CodeNode.m */,
				2B529D5821AC46220009E451 /* DynamicAndGreedy.h */,
				2B529D5921AC46220009E451 /* DynamicAndGreedy.m */,
			);
			path = CodePractice;
			sourceTree = "<group>";
		};
		2B569291219B14870033096D = {
			isa = PBXGroup;
			children = (
				2B56929C219B14870033096D /* GLeetCode */,
				2B56929B219B14870033096D /* Products */,
			);
			sourceTree = "<group>";
		};
		2B56929B219B14870033096D /* Products */ = {
			isa = PBXGroup;
			children = (
				2B56929A219B14870033096D /* GLeetCode */,
			);
			name = Products;
			sourceTree = "<group>";
		};
		2B56929C219B14870033096D /* GLeetCode */ = {
			isa = PBXGroup;
			children = (
				2B529D4C21AC41FD0009E451 /* CodePractice */,
				2B84A2AF21AC0FB000377B0C /* public_struct */,
				2B56929D219B14870033096D /* main.m */,
				2B5692A4219B14EA0033096D /* TwoNum_01.h */,
				2B5692A5219B14EA0033096D /* TwoNum_01.m */,
				2B5692AA219B1FB00033096D /* AddTwoNumbers_02.h */,
				2B5692AB219B1FB00033096D /* AddTwoNumbers_02.m */,
				2B3C952F219BF76D00BB56F4 /* LongestSubstring_03.h */,
				2B3C9530219BF76D00BB56F4 /* LongestSubstring_03.m */,
				2B3C9532219C108A00BB56F4 /* FindMedianSortedArrays_04.h */,
				2B3C9533219C108A00BB56F4 /* FindMedianSortedArrays_04.m */,
				2B3C9535219C500B00BB56F4 /* LongestPalindrome_05.h */,
				2B3C9536219C500B00BB56F4 /* LongestPalindrome_05.m */,
				2B5692A7219B1A330033096D /* ReverseNum_07.h */,
				2B5692A8219B1A330033096D /* ReverseNum_07.m */,
				2B6D669F219C80A300149FEE /* Palindrome_09.h */,
				2B6D66A0219C80A300149FEE /* Palindrome_09.m */,
				2BCDEDA5219DC75D00B60E64 /* strStr_28.h */,
				2BCDEDA6219DC75D00B60E64 /* strStr_28.m */,
				2B30C05421A008570082FC3D /* LongestCommonPrefix_14.h */,
				2B30C05521A008570082FC3D /* LongestCommonPrefix_14.m */,
				2B30C05721A0150D0082FC3D /* MergeTwoLists_21.h */,
				2B30C05821A0150D0082FC3D /* MergeTwoLists_21.m */,
				2B30C05A21A0324E0082FC3D /* RemoveDuplicates_26.h */,
				2B30C05B21A0324E0082FC3D /* RemoveDuplicates_26.m */,
				2B30C05D21A03FEB0082FC3D /* SearchInsert_35.h */,
				2B30C05E21A03FEB0082FC3D /* SearchInsert_35.m */,
				2B30C06021A0583A0082FC3D /* MaxSubArray_53.h */,
				2B30C06121A0583A0082FC3D /* MaxSubArray_53.m */,
				2B30C06621A135C20082FC3D /* LengthOfLastWord_58.h */,
				2B30C06721A135C20082FC3D /* LengthOfLastWord_58.m */,
				2B30C06921A13C4B0082FC3D /* PlusOne_66.h */,
				2B30C06A21A13C4B0082FC3D /* PlusOne_66.m */,
				2B30C06C21A141ED0082FC3D /* AddBinary_67.h */,
				2B30C06D21A141ED0082FC3D /* AddBinary_67.m */,
				2B30C06F21A194840082FC3D /* MySqrt_69.h */,
				2B30C07021A194840082FC3D /* MySqrt_69.m */,
				2B936AF321A2E5A800C2B9D6 /* ClimbStairs_70.h */,
				2B936AF421A2E5A800C2B9D6 /* ClimbStairs_70.m */,
				2B936AF621A2E7B600C2B9D6 /* DeleteDuplicates_83.h */,
				2B936AF721A2E7B600C2B9D6 /* DeleteDuplicates_83.m */,
				2B936AF921A2E9D600C2B9D6 /* MergeTwoArray_88.h */,
				2B936AFA21A2E9D600C2B9D6 /* MergeTwoArray_88.m */,
				2B936AFC21A42AC300C2B9D6 /* IsSameTree_100.h */,
				2B936AFD21A42AC300C2B9D6 /* IsSameTree_100.m */,
				2BF27A5521A6F34900B628B2 /* MaxDepth_104.h */,
				2BF27A5621A6F34900B628B2 /* MaxDepth_104.m */,
				2BF27A5821A7088200B628B2 /* LevelOrderBottom_107.h */,
				2BF27A5921A7088200B628B2 /* LevelOrderBottom_107.m */,
				2B1C2C2021AC245800A25406 /* SortedArrayToBST_108.h */,
				2B1C2C2121AC245800A25406 /* SortedArrayToBST_108.m */,
				2B1C2C2321AC2A9500A25406 /* IsBalanced_110.h */,
				2B1C2C2421AC2A9500A25406 /* IsBalanced_110.m */,
				2B1C2C2621AC2B2D00A25406 /* MinDepth_111.h */,
				2B1C2C2721AC2B2D00A25406 /* MinDepth_111.m */,
			);
			path = GLeetCode;
			sourceTree = "<group>";
		};
		2B84A2AF21AC0FB000377B0C /* public_struct */ = {
			isa = PBXGroup;
			children = (
				2B30C06321A05DB70082FC3D /* DivideAndConquer.h */,
				2B30C06421A05DB70082FC3D /* DivideAndConquer.m */,
				2B5692AD219B240C0033096D /* ListNode.h */,
				2B5692AE219B240C0033096D /* ListNode.m */,
				2B936AFF21A42B5F00C2B9D6 /* TreeNode.h */,
				2B936B0021A42B5F00C2B9D6 /* TreeNode.m */,
				2BF27A5B21A70E2300B628B2 /* Stack.h */,
				2BF27A5C21A70E2300B628B2 /* Stack.m */,
				2BF27A5E21A7107400B628B2 /* Queue.h */,
				2BF27A5F21A7107400B628B2 /* Queue.m */,
			);
			path = public_struct;
			sourceTree = "<group>";
		};
/* End PBXGroup section */

/* Begin PBXNativeTarget section */
		2B569299219B14870033096D /* GLeetCode */ = {
			isa = PBXNativeTarget;
			buildConfigurationList = 2B5692A1219B14870033096D /* Build configuration list for PBXNativeTarget "GLeetCode" */;
			buildPhases = (
				2B569296219B14870033096D /* Sources */,
				2B569297219B14870033096D /* Frameworks */,
				2B569298219B14870033096D /* CopyFiles */,
			);
			buildRules = (
			);
			dependencies = (
			);
			name = GLeetCode;
			productName = GLeetCode;
			productReference = 2B56929A219B14870033096D /* GLeetCode */;
			productType = "com.apple.product-type.tool";
		};
/* End PBXNativeTarget section */

/* Begin PBXProject section */
		2B569292219B14870033096D /* Project object */ = {
			isa = PBXProject;
			attributes = {
				LastUpgradeCheck = 1000;
				ORGANIZATIONNAME = GIKI;
				TargetAttributes = {
					2B569299219B14870033096D = {
						CreatedOnToolsVersion = 10.0;
					};
				};
			};
			buildConfigurationList = 2B569295219B14870033096D /* Build configuration list for PBXProject "GLeetCode" */;
			compatibilityVersion = "Xcode 9.3";
			developmentRegion = en;
			hasScannedForEncodings = 0;
			knownRegions = (
				en,
			);
			mainGroup = 2B569291219B14870033096D;
			productRefGroup = 2B56929B219B14870033096D /* Products */;
			projectDirPath = "";
			projectRoot = "";
			targets = (
				2B569299219B14870033096D /* GLeetCode */,
			);
		};
/* End PBXProject section */

/* Begin PBXSourcesBuildPhase section */
		2B569296219B14870033096D /* Sources */ = {
			isa = PBXSourcesBuildPhase;
			buildActionMask = 2147483647;
			files = (
				2B5692A6219B14EA0033096D /* TwoNum_01.m in Sources */,
				2B1C2C2221AC245800A25406 /* SortedArrayToBST_108.m in Sources */,
				2B30C05621A008570082FC3D /* LongestCommonPrefix_14.m in Sources */,
				2BF27A5A21A7088200B628B2 /* LevelOrderBottom_107.m in Sources */,
				2B30C06521A05DB70082FC3D /* DivideAndConquer.m in Sources */,
				2B529D5A21AC46220009E451 /* DynamicAndGreedy.m in Sources */,
				2BCDEDA7219DC75D00B60E64 /* strStr_28.m in Sources */,
				2B30C06B21A13C4B0082FC3D /* PlusOne_66.m in Sources */,
				2B936B0121A42B5F00C2B9D6 /* TreeNode.m in Sources */,
				2BF27A6021A7107400B628B2 /* Queue.m in Sources */,
				2B5692AC219B1FB00033096D /* AddTwoNumbers_02.m in Sources */,
				2BF27A5D21A70E2300B628B2 /* Stack.m in Sources */,
				2B3C9534219C108A00BB56F4 /* FindMedianSortedArrays_04.m in Sources */,
				2B56929E219B14870033096D /* main.m in Sources */,
				2B30C05C21A0324E0082FC3D /* RemoveDuplicates_26.m in Sources */,
				2BF27A5721A6F34900B628B2 /* MaxDepth_104.m in Sources */,
				2B936AFB21A2E9D600C2B9D6 /* MergeTwoArray_88.m in Sources */,
				2B936AF821A2E7B600C2B9D6 /* DeleteDuplicates_83.m in Sources */,
				2B1C2C2521AC2A9500A25406 /* IsBalanced_110.m in Sources */,
				2B529D5321AC439C0009E451 /* CodeArray.m in Sources */,
				2B529D5721AC44CB0009E451 /* CodeNode.m in Sources */,
				2B3C9537219C500B00BB56F4 /* LongestPalindrome_05.m in Sources */,
				2B3C9531219BF76D00BB56F4 /* LongestSubstring_03.m in Sources */,
				2B1C2C2821AC2B2D00A25406 /* MinDepth_111.m in Sources */,
				2B936AFE21A42AC300C2B9D6 /* IsSameTree_100.m in Sources */,
				2B936AF521A2E5A800C2B9D6 /* ClimbStairs_70.m in Sources */,
				2B30C05921A0150D0082FC3D /* MergeTwoLists_21.m in Sources */,
				2B30C07121A194840082FC3D /* MySqrt_69.m in Sources */,
				2B30C05F21A03FEB0082FC3D /* SearchInsert_35.m in Sources */,
				2B5692AF219B240C0033096D /* ListNode.m in Sources */,
				2B5692A9219B1A330033096D /* ReverseNum_07.m in Sources */,
				2B6D66A1219C80A300149FEE /* Palindrome_09.m in Sources */,
				2B30C06E21A141ED0082FC3D /* AddBinary_67.m in Sources */,
				2B529D5021AC427B0009E451 /* CodeString.m in Sources */,
				2B30C06221A0583A0082FC3D /* MaxSubArray_53.m in Sources */,
				2B30C06821A135C20082FC3D /* LengthOfLastWord_58.m in Sources */,
			);
			runOnlyForDeploymentPostprocessing = 0;
		};
/* End PBXSourcesBuildPhase section */

/* Begin XCBuildConfiguration section */
		2B56929F219B14870033096D /* Debug */ = {
			isa = XCBuildConfiguration;
			buildSettings = {
				ALWAYS_SEARCH_USER_PATHS = NO;
				CLANG_ANALYZER_NONNULL = YES;
				CLANG_ANALYZER_NUMBER_OBJECT_CONVERSION = YES_AGGRESSIVE;
				CLANG_CXX_LANGUAGE_STANDARD = "gnu++14";
				CLANG_CXX_LIBRARY = "libc++";
				CLANG_ENABLE_MODULES = YES;
				CLANG_ENABLE_OBJC_ARC = YES;
				CLANG_ENABLE_OBJC_WEAK = YES;
				CLANG_WARN_BLOCK_CAPTURE_AUTORELEASING = YES;
				CLANG_WARN_BOOL_CONVERSION = YES;
				CLANG_WARN_COMMA = YES;
				CLANG_WARN_CONSTANT_CONVERSION = YES;
				CLANG_WARN_DEPRECATED_OBJC_IMPLEMENTATIONS = YES;
				CLANG_WARN_DIRECT_OBJC_ISA_USAGE = YES_ERROR;
				CLANG_WARN_DOCUMENTATION_COMMENTS = YES;
				CLANG_WARN_EMPTY_BODY = YES;
				CLANG_WARN_ENUM_CONVERSION = YES;
				CLANG_WARN_INFINITE_RECURSION = YES;
				CLANG_WARN_INT_CONVERSION = YES;
				CLANG_WARN_NON_LITERAL_NULL_CONVERSION = YES;
				CLANG_WARN_OBJC_IMPLICIT_RETAIN_SELF = YES;
				CLANG_WARN_OBJC_LITERAL_CONVERSION = YES;
				CLANG_WARN_OBJC_ROOT_CLASS = YES_ERROR;
				CLANG_WARN_RANGE_LOOP_ANALYSIS = YES;
				CLANG_WARN_STRICT_PROTOTYPES = YES;
				CLANG_WARN_SUSPICIOUS_MOVE = YES;
				CLANG_WARN_UNGUARDED_AVAILABILITY = YES_AGGRESSIVE;
				CLANG_WARN_UNREACHABLE_CODE = YES;
				CLANG_WARN__DUPLICATE_METHOD_MATCH = YES;
				CODE_SIGN_IDENTITY = "Mac Developer";
				COPY_PHASE_STRIP = NO;
				DEBUG_INFORMATION_FORMAT = dwarf;
				ENABLE_STRICT_OBJC_MSGSEND = YES;
				ENABLE_TESTABILITY = YES;
				GCC_C_LANGUAGE_STANDARD = gnu11;
				GCC_DYNAMIC_NO_PIC = NO;
				GCC_NO_COMMON_BLOCKS = YES;
				GCC_OPTIMIZATION_LEVEL = 0;
				GCC_PREPROCESSOR_DEFINITIONS = (
					"DEBUG=1",
					"$(inherited)",
				);
				GCC_WARN_64_TO_32_BIT_CONVERSION = YES;
				GCC_WARN_ABOUT_RETURN_TYPE = YES_ERROR;
				GCC_WARN_UNDECLARED_SELECTOR = YES;
				GCC_WARN_UNINITIALIZED_AUTOS = YES_AGGRESSIVE;
				GCC_WARN_UNUSED_FUNCTION = YES;
				GCC_WARN_UNUSED_VARIABLE = YES;
				MACOSX_DEPLOYMENT_TARGET = 10.13;
				MTL_ENABLE_DEBUG_INFO = INCLUDE_SOURCE;
				MTL_FAST_MATH = YES;
				ONLY_ACTIVE_ARCH = YES;
				SDKROOT = macosx;
			};
			name = Debug;
		};
		2B5692A0219B14870033096D /* Release */ = {
			isa = XCBuildConfiguration;
			buildSettings = {
				ALWAYS_SEARCH_USER_PATHS = NO;
				CLANG_ANALYZER_NONNULL = YES;
				CLANG_ANALYZER_NUMBER_OBJECT_CONVERSION = YES_AGGRESSIVE;
				CLANG_CXX_LANGUAGE_STANDARD = "gnu++14";
				CLANG_CXX_LIBRARY = "libc++";
				CLANG_ENABLE_MODULES = YES;
				CLANG_ENABLE_OBJC_ARC = YES;
				CLANG_ENABLE_OBJC_WEAK = YES;
				CLANG_WARN_BLOCK_CAPTURE_AUTORELEASING = YES;
				CLANG_WARN_BOOL_CONVERSION = YES;
				CLANG_WARN_COMMA = YES;
				CLANG_WARN_CONSTANT_CONVERSION = YES;
				CLANG_WARN_DEPRECATED_OBJC_IMPLEMENTATIONS = YES;
				CLANG_WARN_DIRECT_OBJC_ISA_USAGE = YES_ERROR;
				CLANG_WARN_DOCUMENTATION_COMMENTS = YES;
				CLANG_WARN_EMPTY_BODY = YES;
				CLANG_WARN_ENUM_CONVERSION = YES;
				CLANG_WARN_INFINITE_RECURSION = YES;
				CLANG_WARN_INT_CONVERSION = YES;
				CLANG_WARN_NON_LITERAL_NULL_CONVERSION = YES;
				CLANG_WARN_OBJC_IMPLICIT_RETAIN_SELF = YES;
				CLANG_WARN_OBJC_LITERAL_CONVERSION = YES;
				CLANG_WARN_OBJC_ROOT_CLASS = YES_ERROR;
				CLANG_WARN_RANGE_LOOP_ANALYSIS = YES;
				CLANG_WARN_STRICT_PROTOTYPES = YES;
				CLANG_WARN_SUSPICIOUS_MOVE = YES;
				CLANG_WARN_UNGUARDED_AVAILABILITY = YES_AGGRESSIVE;
				CLANG_WARN_UNREACHABLE_CODE = YES;
				CLANG_WARN__DUPLICATE_METHOD_MATCH = YES;
				CODE_SIGN_IDENTITY = "Mac Developer";
				COPY_PHASE_STRIP = NO;
				DEBUG_INFORMATION_FORMAT = "dwarf-with-dsym";
				ENABLE_NS_ASSERTIONS = NO;
				ENABLE_STRICT_OBJC_MSGSEND = YES;
				GCC_C_LANGUAGE_STANDARD = gnu11;
				GCC_NO_COMMON_BLOCKS = YES;
				GCC_WARN_64_TO_32_BIT_CONVERSION = YES;
				GCC_WARN_ABOUT_RETURN_TYPE = YES_ERROR;
				GCC_WARN_UNDECLARED_SELECTOR = YES;
				GCC_WARN_UNINITIALIZED_AUTOS = YES_AGGRESSIVE;
				GCC_WARN_UNUSED_FUNCTION = YES;
				GCC_WARN_UNUSED_VARIABLE = YES;
				MACOSX_DEPLOYMENT_TARGET = 10.13;
				MTL_ENABLE_DEBUG_INFO = NO;
				MTL_FAST_MATH = YES;
				SDKROOT = macosx;
			};
			name = Release;
		};
		2B5692A2219B14870033096D /* Debug */ = {
			isa = XCBuildConfiguration;
			buildSettings = {
				CODE_SIGN_STYLE = Automatic;
				DEVELOPMENT_TEAM = LSND274XQ9;
				PRODUCT_NAME = "$(TARGET_NAME)";
			};
			name = Debug;
		};
		2B5692A3219B14870033096D /* Release */ = {
			isa = XCBuildConfiguration;
			buildSettings = {
				CODE_SIGN_STYLE = Automatic;
				DEVELOPMENT_TEAM = LSND274XQ9;
				PRODUCT_NAME = "$(TARGET_NAME)";
			};
			name = Release;
		};
/* End XCBuildConfiguration section */

/* Begin XCConfigurationList section */
		2B569295219B14870033096D /* Build configuration list for PBXProject "GLeetCode" */ = {
			isa = XCConfigurationList;
			buildConfigurations = (
				2B56929F219B14870033096D /* Debug */,
				2B5692A0219B14870033096D /* Release */,
			);
			defaultConfigurationIsVisible = 0;
			defaultConfigurationName = Release;
		};
		2B5692A1219B14870033096D /* Build configuration list for PBXNativeTarget "GLeetCode" */ = {
			isa = XCConfigurationList;
			buildConfigurations = (
				2B5692A2219B14870033096D /* Debug */,
				2B5692A3219B14870033096D /* Release */,
			);
			defaultConfigurationIsVisible = 0;
			defaultConfigurationName = Release;
		};
/* End XCConfigurationList section */
	};
	rootObject = 2B569292219B14870033096D /* Project object */;
}
