// !$*UTF8*$!
{
	archiveVersion = 1;
	classes = {
	};
	objectVersion = 50;
	objects = {

/* Begin PBXBuildFile section */
		2B3C9531219BF76D00BB56F4 /* LongestSubstring_03.m in Sources */ = {isa = PBXBuildFile; fileRef = 2B3C9530219BF76D00BB56F4 /* LongestSubstring_03.m */; };
		2B3C9534219C108A00BB56F4 /* FindMedianSortedArrays_04.m in Sources */ = {isa = PBXBuildFile; fileRef = 2B3C9533219C108A00BB56F4 /* FindMedianSortedArrays_04.m */; };
		2B3C9537219C500B00BB56F4 /* LongestPalindrome_05.m in Sources */ = {isa = PBXBuildFile; fileRef = 2B3C9536219C500B00BB56F4 /* LongestPalindrome_05.m */; };
		2B56929E219B14870033096D /* main.m in Sources */ = {isa = PBXBuildFile; fileRef = 2B56929D219B14870033096D /* main.m */; };
		2B5692A6219B14EA0033096D /* TwoNum_01.m in Sources */ = {isa = PBXBuildFile; fileRef = 2B5692A5219B14EA0033096D /* TwoNum_01.m */; };
		2B5692A9219B1A330033096D /* ReverseNum_07.m in Sources */ = {isa = PBXBuildFile; fileRef = 2B5692A8219B1A330033096D /* ReverseNum_07.m */; };
		2B5692AC219B1FB00033096D /* AddTwoNumbers_02.m in Sources */ = {isa = PBXBuildFile; fileRef = 2B5692AB219B1FB00033096D /* AddTwoNumbers_02.m */; };
		2B5692AF219B240C0033096D /* ListNode.m in Sources */ = {isa = PBXBuildFile; fileRef = 2B5692AE219B240C0033096D /* ListNode.m */; };
		2B6D66A1219C80A300149FEE /* Palindrome_09.m in Sources */ = {isa = PBXBuildFile; fileRef = 2B6D66A0219C80A300149FEE /* Palindrome_09.m */; };
/* End PBXBuildFile section */

/* Begin PBXCopyFilesBuildPhase section */
		2B569298219B14870033096D /* CopyFiles */ = {
			isa = PBXCopyFilesBuildPhase;
			buildActionMask = 2147483647;
			dstPath = /usr/share/man/man1/;
			dstSubfolderSpec = 0;
			files = (
			);
			runOnlyForDeploymentPostprocessing = 1;
		};
/* End PBXCopyFilesBuildPhase section */

/* Begin PBXFileReference section */
		2B3C952F219BF76D00BB56F4 /* LongestSubstring_03.h */ = {isa = PBXFileReference; lastKnownFileType = sourcecode.c.h; path = LongestSubstring_03.h; sourceTree = "<group>"; };
		2B3C9530219BF76D00BB56F4 /* LongestSubstring_03.m */ = {isa = PBXFileReference; lastKnownFileType = sourcecode.c.objc; path = LongestSubstring_03.m; sourceTree = "<group>"; };
		2B3C9532219C108A00BB56F4 /* FindMedianSortedArrays_04.h */ = {isa = PBXFileReference; lastKnownFileType = sourcecode.c.h; path = FindMedianSortedArrays_04.h; sourceTree = "<group>"; };
		2B3C9533219C108A00BB56F4 /* FindMedianSortedArrays_04.m */ = {isa = PBXFileReference; lastKnownFileType = sourcecode.c.objc; path = FindMedianSortedArrays_04.m; sourceTree = "<group>"; };
		2B3C9535219C500B00BB56F4 /* LongestPalindrome_05.h */ = {isa = PBXFileReference; lastKnownFileType = sourcecode.c.h; path = LongestPalindrome_05.h; sourceTree = "<group>"; };
		2B3C9536219C500B00BB56F4 /* LongestPalindrome_05.m */ = {isa = PBXFileReference; lastKnownFileType = sourcecode.c.objc; path = LongestPalindrome_05.m; sourceTree = "<group>"; };
		2B56929A219B14870033096D /* GLeetCode */ = {isa = PBXFileReference; explicitFileType = "compiled.mach-o.executable"; includeInIndex = 0; path = GLeetCode; sourceTree = BUILT_PRODUCTS_DIR; };
		2B56929D219B14870033096D /* main.m */ = {isa = PBXFileReference; lastKnownFileType = sourcecode.c.objc; path = main.m; sourceTree = "<group>"; };
		2B5692A4219B14EA0033096D /* TwoNum_01.h */ = {isa = PBXFileReference; lastKnownFileType = sourcecode.c.h; path = TwoNum_01.h; sourceTree = "<group>"; };
		2B5692A5219B14EA0033096D /* TwoNum_01.m */ = {isa = PBXFileReference; lastKnownFileType = sourcecode.c.objc; path = TwoNum_01.m; sourceTree = "<group>"; };
		2B5692A7219B1A330033096D /* ReverseNum_07.h */ = {isa = PBXFileReference; lastKnownFileType = sourcecode.c.h; path = ReverseNum_07.h; sourceTree = "<group>"; };
		2B5692A8219B1A330033096D /* ReverseNum_07.m */ = {isa = PBXFileReference; lastKnownFileType = sourcecode.c.objc; path = ReverseNum_07.m; sourceTree = "<group>"; };
		2B5692AA219B1FB00033096D /* AddTwoNumbers_02.h */ = {isa = PBXFileReference; lastKnownFileType = sourcecode.c.h; path = AddTwoNumbers_02.h; sourceTree = "<group>"; };
		2B5692AB219B1FB00033096D /* AddTwoNumbers_02.m */ = {isa = PBXFileReference; lastKnownFileType = sourcecode.c.objc; path = AddTwoNumbers_02.m; sourceTree = "<group>"; };
		2B5692AD219B240C0033096D /* ListNode.h */ = {isa = PBXFileReference; lastKnownFileType = sourcecode.c.h; path = ListNode.h; sourceTree = "<group>"; };
		2B5692AE219B240C0033096D /* ListNode.m */ = {isa = PBXFileReference; lastKnownFileType = sourcecode.c.objc; path = ListNode.m; sourceTree = "<group>"; };
		2B6D669F219C80A300149FEE /* Palindrome_09.h */ = {isa = PBXFileReference; lastKnownFileType = sourcecode.c.h; path = Palindrome_09.h; sourceTree = "<group>"; };
		2B6D66A0219C80A300149FEE /* Palindrome_09.m */ = {isa = PBXFileReference; lastKnownFileType = sourcecode.c.objc; path = Palindrome_09.m; sourceTree = "<group>"; };
/* End PBXFileReference section */

/* Begin PBXFrameworksBuildPhase section */
		2B569297219B14870033096D /* Frameworks */ = {
			isa = PBXFrameworksBuildPhase;
			buildActionMask = 2147483647;
			files = (
			);
			runOnlyForDeploymentPostprocessing = 0;
		};
/* End PBXFrameworksBuildPhase section */

/* Begin PBXGroup section */
		2B569291219B14870033096D = {
			isa = PBXGroup;
			children = (
				2B56929C219B14870033096D /* GLeetCode */,
				2B56929B219B14870033096D /* Products */,
			);
			sourceTree = "<group>";
		};
		2B56929B219B14870033096D /* Products */ = {
			isa = PBXGroup;
			children = (
				2B56929A219B14870033096D /* GLeetCode */,
			);
			name = Products;
			sourceTree = "<group>";
		};
		2B56929C219B14870033096D /* GLeetCode */ = {
			isa = PBXGroup;
			children = (
				2B56929D219B14870033096D /* main.m */,
				2B5692A4219B14EA0033096D /* TwoNum_01.h */,
				2B5692A5219B14EA0033096D /* TwoNum_01.m */,
				2B5692AA219B1FB00033096D /* AddTwoNumbers_02.h */,
				2B5692AB219B1FB00033096D /* AddTwoNumbers_02.m */,
				2B3C952F219BF76D00BB56F4 /* LongestSubstring_03.h */,
				2B3C9530219BF76D00BB56F4 /* LongestSubstring_03.m */,
				2B3C9532219C108A00BB56F4 /* FindMedianSortedArrays_04.h */,
				2B3C9533219C108A00BB56F4 /* FindMedianSortedArrays_04.m */,
				2B3C9535219C500B00BB56F4 /* LongestPalindrome_05.h */,
				2B3C9536219C500B00BB56F4 /* LongestPalindrome_05.m */,
				2B5692A7219B1A330033096D /* ReverseNum_07.h */,
				2B5692A8219B1A330033096D /* ReverseNum_07.m */,
				2B6D669F219C80A300149FEE /* Palindrome_09.h */,
				2B6D66A0219C80A300149FEE /* Palindrome_09.m */,
				2B5692AD219B240C0033096D /* ListNode.h */,
				2B5692AE219B240C0033096D /* ListNode.m */,
			);
			path = GLeetCode;
			sourceTree = "<group>";
		};
/* End PBXGroup section */

/* Begin PBXNativeTarget section */
		2B569299219B14870033096D /* GLeetCode */ = {
			isa = PBXNativeTarget;
			buildConfigurationList = 2B5692A1219B14870033096D /* Build configuration list for PBXNativeTarget "GLeetCode" */;
			buildPhases = (
				2B569296219B14870033096D /* Sources */,
				2B569297219B14870033096D /* Frameworks */,
				2B569298219B14870033096D /* CopyFiles */,
			);
			buildRules = (
			);
			dependencies = (
			);
			name = GLeetCode;
			productName = GLeetCode;
			productReference = 2B56929A219B14870033096D /* GLeetCode */;
			productType = "com.apple.product-type.tool";
		};
/* End PBXNativeTarget section */

/* Begin PBXProject section */
		2B569292219B14870033096D /* Project object */ = {
			isa = PBXProject;
			attributes = {
				LastUpgradeCheck = 1000;
				ORGANIZATIONNAME = GIKI;
				TargetAttributes = {
					2B569299219B14870033096D = {
						CreatedOnToolsVersion = 10.0;
					};
				};
			};
			buildConfigurationList = 2B569295219B14870033096D /* Build configuration list for PBXProject "GLeetCode" */;
			compatibilityVersion = "Xcode 9.3";
			developmentRegion = en;
			hasScannedForEncodings = 0;
			knownRegions = (
				en,
			);
			mainGroup = 2B569291219B14870033096D;
			productRefGroup = 2B56929B219B14870033096D /* Products */;
			projectDirPath = "";
			projectRoot = "";
			targets = (
				2B569299219B14870033096D /* GLeetCode */,
			);
		};
/* End PBXProject section */

/* Begin PBXSourcesBuildPhase section */
		2B569296219B14870033096D /* Sources */ = {
			isa = PBXSourcesBuildPhase;
			buildActionMask = 2147483647;
			files = (
				2B5692A6219B14EA0033096D /* TwoNum_01.m in Sources */,
				2B5692AC219B1FB00033096D /* AddTwoNumbers_02.m in Sources */,
				2B3C9534219C108A00BB56F4 /* FindMedianSortedArrays_04.m in Sources */,
				2B56929E219B14870033096D /* main.m in Sources */,
				2B3C9537219C500B00BB56F4 /* LongestPalindrome_05.m in Sources */,
				2B3C9531219BF76D00BB56F4 /* LongestSubstring_03.m in Sources */,
				2B5692AF219B240C0033096D /* ListNode.m in Sources */,
				2B5692A9219B1A330033096D /* ReverseNum_07.m in Sources */,
				2B6D66A1219C80A300149FEE /* Palindrome_09.m in Sources */,
			);
			runOnlyForDeploymentPostprocessing = 0;
		};
/* End PBXSourcesBuildPhase section */

/* Begin XCBuildConfiguration section */
		2B56929F219B14870033096D /* Debug */ = {
			isa = XCBuildConfiguration;
			buildSettings = {
				ALWAYS_SEARCH_USER_PATHS = NO;
				CLANG_ANALYZER_NONNULL = YES;
				CLANG_ANALYZER_NUMBER_OBJECT_CONVERSION = YES_AGGRESSIVE;
				CLANG_CXX_LANGUAGE_STANDARD = "gnu++14";
				CLANG_CXX_LIBRARY = "libc++";
				CLANG_ENABLE_MODULES = YES;
				CLANG_ENABLE_OBJC_ARC = YES;
				CLANG_ENABLE_OBJC_WEAK = YES;
				CLANG_WARN_BLOCK_CAPTURE_AUTORELEASING = YES;
				CLANG_WARN_BOOL_CONVERSION = YES;
				CLANG_WARN_COMMA = YES;
				CLANG_WARN_CONSTANT_CONVERSION = YES;
				CLANG_WARN_DEPRECATED_OBJC_IMPLEMENTATIONS = YES;
				CLANG_WARN_DIRECT_OBJC_ISA_USAGE = YES_ERROR;
				CLANG_WARN_DOCUMENTATION_COMMENTS = YES;
				CLANG_WARN_EMPTY_BODY = YES;
				CLANG_WARN_ENUM_CONVERSION = YES;
				CLANG_WARN_INFINITE_RECURSION = YES;
				CLANG_WARN_INT_CONVERSION = YES;
				CLANG_WARN_NON_LITERAL_NULL_CONVERSION = YES;
				CLANG_WARN_OBJC_IMPLICIT_RETAIN_SELF = YES;
				CLANG_WARN_OBJC_LITERAL_CONVERSION = YES;
				CLANG_WARN_OBJC_ROOT_CLASS = YES_ERROR;
				CLANG_WARN_RANGE_LOOP_ANALYSIS = YES;
				CLANG_WARN_STRICT_PROTOTYPES = YES;
				CLANG_WARN_SUSPICIOUS_MOVE = YES;
				CLANG_WARN_UNGUARDED_AVAILABILITY = YES_AGGRESSIVE;
				CLANG_WARN_UNREACHABLE_CODE = YES;
				CLANG_WARN__DUPLICATE_METHOD_MATCH = YES;
				CODE_SIGN_IDENTITY = "Mac Developer";
				COPY_PHASE_STRIP = NO;
				DEBUG_INFORMATION_FORMAT = dwarf;
				ENABLE_STRICT_OBJC_MSGSEND = YES;
				ENABLE_TESTABILITY = YES;
				GCC_C_LANGUAGE_STANDARD = gnu11;
				GCC_DYNAMIC_NO_PIC = NO;
				GCC_NO_COMMON_BLOCKS = YES;
				GCC_OPTIMIZATION_LEVEL = 0;
				GCC_PREPROCESSOR_DEFINITIONS = (
					"DEBUG=1",
					"$(inherited)",
				);
				GCC_WARN_64_TO_32_BIT_CONVERSION = YES;
				GCC_WARN_ABOUT_RETURN_TYPE = YES_ERROR;
				GCC_WARN_UNDECLARED_SELECTOR = YES;
				GCC_WARN_UNINITIALIZED_AUTOS = YES_AGGRESSIVE;
				GCC_WARN_UNUSED_FUNCTION = YES;
				GCC_WARN_UNUSED_VARIABLE = YES;
				MACOSX_DEPLOYMENT_TARGET = 10.13;
				MTL_ENABLE_DEBUG_INFO = INCLUDE_SOURCE;
				MTL_FAST_MATH = YES;
				ONLY_ACTIVE_ARCH = YES;
				SDKROOT = macosx;
			};
			name = Debug;
		};
		2B5692A0219B14870033096D /* Release */ = {
			isa = XCBuildConfiguration;
			buildSettings = {
				ALWAYS_SEARCH_USER_PATHS = NO;
				CLANG_ANALYZER_NONNULL = YES;
				CLANG_ANALYZER_NUMBER_OBJECT_CONVERSION = YES_AGGRESSIVE;
				CLANG_CXX_LANGUAGE_STANDARD = "gnu++14";
				CLANG_CXX_LIBRARY = "libc++";
				CLANG_ENABLE_MODULES = YES;
				CLANG_ENABLE_OBJC_ARC = YES;
				CLANG_ENABLE_OBJC_WEAK = YES;
				CLANG_WARN_BLOCK_CAPTURE_AUTORELEASING = YES;
				CLANG_WARN_BOOL_CONVERSION = YES;
				CLANG_WARN_COMMA = YES;
				CLANG_WARN_CONSTANT_CONVERSION = YES;
				CLANG_WARN_DEPRECATED_OBJC_IMPLEMENTATIONS = YES;
				CLANG_WARN_DIRECT_OBJC_ISA_USAGE = YES_ERROR;
				CLANG_WARN_DOCUMENTATION_COMMENTS = YES;
				CLANG_WARN_EMPTY_BODY = YES;
				CLANG_WARN_ENUM_CONVERSION = YES;
				CLANG_WARN_INFINITE_RECURSION = YES;
				CLANG_WARN_INT_CONVERSION = YES;
				CLANG_WARN_NON_LITERAL_NULL_CONVERSION = YES;
				CLANG_WARN_OBJC_IMPLICIT_RETAIN_SELF = YES;
				CLANG_WARN_OBJC_LITERAL_CONVERSION = YES;
				CLANG_WARN_OBJC_ROOT_CLASS = YES_ERROR;
				CLANG_WARN_RANGE_LOOP_ANALYSIS = YES;
				CLANG_WARN_STRICT_PROTOTYPES = YES;
				CLANG_WARN_SUSPICIOUS_MOVE = YES;
				CLANG_WARN_UNGUARDED_AVAILABILITY = YES_AGGRESSIVE;
				CLANG_WARN_UNREACHABLE_CODE = YES;
				CLANG_WARN__DUPLICATE_METHOD_MATCH = YES;
				CODE_SIGN_IDENTITY = "Mac Developer";
				COPY_PHASE_STRIP = NO;
				DEBUG_INFORMATION_FORMAT = "dwarf-with-dsym";
				ENABLE_NS_ASSERTIONS = NO;
				ENABLE_STRICT_OBJC_MSGSEND = YES;
				GCC_C_LANGUAGE_STANDARD = gnu11;
				GCC_NO_COMMON_BLOCKS = YES;
				GCC_WARN_64_TO_32_BIT_CONVERSION = YES;
				GCC_WARN_ABOUT_RETURN_TYPE = YES_ERROR;
				GCC_WARN_UNDECLARED_SELECTOR = YES;
				GCC_WARN_UNINITIALIZED_AUTOS = YES_AGGRESSIVE;
				GCC_WARN_UNUSED_FUNCTION = YES;
				GCC_WARN_UNUSED_VARIABLE = YES;
				MACOSX_DEPLOYMENT_TARGET = 10.13;
				MTL_ENABLE_DEBUG_INFO = NO;
				MTL_FAST_MATH = YES;
				SDKROOT = macosx;
			};
			name = Release;
		};
		2B5692A2219B14870033096D /* Debug */ = {
			isa = XCBuildConfiguration;
			buildSettings = {
				CODE_SIGN_STYLE = Automatic;
				DEVELOPMENT_TEAM = RCF9CM736N;
				PRODUCT_NAME = "$(TARGET_NAME)";
			};
			name = Debug;
		};
		2B5692A3219B14870033096D /* Release */ = {
			isa = XCBuildConfiguration;
			buildSettings = {
				CODE_SIGN_STYLE = Automatic;
				DEVELOPMENT_TEAM = RCF9CM736N;
				PRODUCT_NAME = "$(TARGET_NAME)";
			};
			name = Release;
		};
/* End XCBuildConfiguration section */

/* Begin XCConfigurationList section */
		2B569295219B14870033096D /* Build configuration list for PBXProject "GLeetCode" */ = {
			isa = XCConfigurationList;
			buildConfigurations = (
				2B56929F219B14870033096D /* Debug */,
				2B5692A0219B14870033096D /* Release */,
			);
			defaultConfigurationIsVisible = 0;
			defaultConfigurationName = Release;
		};
		2B5692A1219B14870033096D /* Build configuration list for PBXNativeTarget "GLeetCode" */ = {
			isa = XCConfigurationList;
			buildConfigurations = (
				2B5692A2219B14870033096D /* Debug */,
				2B5692A3219B14870033096D /* Release */,
			);
			defaultConfigurationIsVisible = 0;
			defaultConfigurationName = Release;
		};
/* End XCConfigurationList section */
	};
	rootObject = 2B569292219B14870033096D /* Project object */;
}
